PODS:
  - Bolts/Tasks (1.3.0)
  - Parse (1.8.5):
    - Bolts/Tasks (>= 1.2.2)
  - SafeCast (1.1.1)

DEPENDENCIES:
  - Parse (~> 1.8.5)
  - SafeCast

SPEC CHECKSUMS:
  Bolts: 805a4a87413e49d4a0c2b7d469084cbc46b09342
  Parse: 17ad8e0677ed682f7f00503860fcda0f4eb74168
  SafeCast: 2793023bdf33abb2f157f4a70d68850302c8b285

COCOAPODS: 0.38.2
