// !$*UTF8*$!
{
	archiveVersion = 1;
	classes = {
	};
	objectVersion = 46;
	objects = {

/* Begin PBXBuildFile section */
		CAE6593054D1471FB8AE9683 /* libPods.a in Frameworks */ = {isa = PBXBuildFile; fileRef = 0CF3B96A80DA43BC8618C574 /* libPods.a */; };
		E7541D241987DECA0051FFB9 /* Foundation.framework in Frameworks */ = {isa = PBXBuildFile; fileRef = E7541D231987DECA0051FFB9 /* Foundation.framework */; };
		E7541D261987DECA0051FFB9 /* CoreGraphics.framework in Frameworks */ = {isa = PBXBuildFile; fileRef = E7541D251987DECA0051FFB9 /* CoreGraphics.framework */; };
		E7541D281987DECA0051FFB9 /* UIKit.framework in Frameworks */ = {isa = PBXBuildFile; fileRef = E7541D271987DECA0051FFB9 /* UIKit.framework */; };
		E7541D2E1987DECA0051FFB9 /* InfoPlist.strings in Resources */ = {isa = PBXBuildFile; fileRef = E7541D2C1987DECA0051FFB9 /* InfoPlist.strings */; };
		E7541D301987DECA0051FFB9 /* main.m in Sources */ = {isa = PBXBuildFile; fileRef = E7541D2F1987DECA0051FFB9 /* main.m */; };
		E7541D361987DECA0051FFB9 /* Images.xcassets in Resources */ = {isa = PBXBuildFile; fileRef = E7541D351987DECA0051FFB9 /* Images.xcassets */; };
		E7541D3D1987DECA0051FFB9 /* XCTest.framework in Frameworks */ = {isa = PBXBuildFile; fileRef = E7541D3C1987DECA0051FFB9 /* XCTest.framework */; };
		E7541D3E1987DECA0051FFB9 /* Foundation.framework in Frameworks */ = {isa = PBXBuildFile; fileRef = E7541D231987DECA0051FFB9 /* Foundation.framework */; };
		E7541D3F1987DECA0051FFB9 /* UIKit.framework in Frameworks */ = {isa = PBXBuildFile; fileRef = E7541D271987DECA0051FFB9 /* UIKit.framework */; };
		E7541D471987DECA0051FFB9 /* InfoPlist.strings in Resources */ = {isa = PBXBuildFile; fileRef = E7541D451987DECA0051FFB9 /* InfoPlist.strings */; };
		E7541D491987DECA0051FFB9 /* DropPinTests.m in Sources */ = {isa = PBXBuildFile; fileRef = E7541D481987DECA0051FFB9 /* DropPinTests.m */; };
		E7541D5D1987E0860051FFB9 /* MOJOAppDelegate.m in Sources */ = {isa = PBXBuildFile; fileRef = E7541D591987E0860051FFB9 /* MOJOAppDelegate.m */; };
		E7541D641987E16C0051FFB9 /* MOJOMapViewController.m in Sources */ = {isa = PBXBuildFile; fileRef = E7541D621987E16C0051FFB9 /* MOJOMapViewController.m */; };
		E7541D651987E16C0051FFB9 /* MOJOMapViewController.xib in Resources */ = {isa = PBXBuildFile; fileRef = E7541D631987E16C0051FFB9 /* MOJOMapViewController.xib */; };
		E7541D691987E2C60051FFB9 /* MapKit.framework in Frameworks */ = {isa = PBXBuildFile; fileRef = E7541D681987E2C60051FFB9 /* MapKit.framework */; };
		E7541D6B198809560051FFB9 /* Keys.plist in Resources */ = {isa = PBXBuildFile; fileRef = E7541D6A198809560051FFB9 /* Keys.plist */; };
/* End PBXBuildFile section */

/* Begin PBXContainerItemProxy section */
		E7541D401987DECA0051FFB9 /* PBXContainerItemProxy */ = {
			isa = PBXContainerItemProxy;
			containerPortal = E7541D181987DECA0051FFB9 /* Project object */;
			proxyType = 1;
			remoteGlobalIDString = E7541D1F1987DECA0051FFB9;
			remoteInfo = DropPin;
		};
/* End PBXContainerItemProxy section */

/* Begin PBXFileReference section */
		0CF3B96A80DA43BC8618C574 /* libPods.a */ = {isa = PBXFileReference; explicitFileType = archive.ar; includeInIndex = 0; path = libPods.a; sourceTree = BUILT_PRODUCTS_DIR; };
		DCB0D7EF9F8345F182B86C31 /* Pods.xcconfig */ = {isa = PBXFileReference; includeInIndex = 1; lastKnownFileType = text.xcconfig; name = Pods.xcconfig; path = Pods/Pods.xcconfig; sourceTree = "<group>"; };
		E7541D201987DECA0051FFB9 /* DropPin.app */ = {isa = PBXFileReference; explicitFileType = wrapper.application; includeInIndex = 0; path = DropPin.app; sourceTree = BUILT_PRODUCTS_DIR; };
		E7541D231987DECA0051FFB9 /* Foundation.framework */ = {isa = PBXFileReference; lastKnownFileType = wrapper.framework; name = Foundation.framework; path = System/Library/Frameworks/Foundation.framework; sourceTree = SDKROOT; };
		E7541D251987DECA0051FFB9 /* CoreGraphics.framework */ = {isa = PBXFileReference; lastKnownFileType = wrapper.framework; name = CoreGraphics.framework; path = System/Library/Frameworks/CoreGraphics.framework; sourceTree = SDKROOT; };
		E7541D271987DECA0051FFB9 /* UIKit.framework */ = {isa = PBXFileReference; lastKnownFileType = wrapper.framework; name = UIKit.framework; path = System/Library/Frameworks/UIKit.framework; sourceTree = SDKROOT; };
		E7541D2B1987DECA0051FFB9 /* DropPin-Info.plist */ = {isa = PBXFileReference; lastKnownFileType = text.plist.xml; path = "DropPin-Info.plist"; sourceTree = "<group>"; };
		E7541D2D1987DECA0051FFB9 /* en */ = {isa = PBXFileReference; lastKnownFileType = text.plist.strings; name = en; path = en.lproj/InfoPlist.strings; sourceTree = "<group>"; };
		E7541D2F1987DECA0051FFB9 /* main.m */ = {isa = PBXFileReference; lastKnownFileType = sourcecode.c.objc; path = main.m; sourceTree = "<group>"; };
		E7541D311987DECA0051FFB9 /* DropPin-Prefix.pch */ = {isa = PBXFileReference; lastKnownFileType = sourcecode.c.h; path = "DropPin-Prefix.pch"; sourceTree = "<group>"; };
		E7541D351987DECA0051FFB9 /* Images.xcassets */ = {isa = PBXFileReference; lastKnownFileType = folder.assetcatalog; path = Images.xcassets; sourceTree = "<group>"; };
		E7541D3B1987DECA0051FFB9 /* DropPinTests.xctest */ = {isa = PBXFileReference; explicitFileType = wrapper.cfbundle; includeInIndex = 0; path = DropPinTests.xctest; sourceTree = BUILT_PRODUCTS_DIR; };
		E7541D3C1987DECA0051FFB9 /* XCTest.framework */ = {isa = PBXFileReference; lastKnownFileType = wrapper.framework; name = XCTest.framework; path = Library/Frameworks/XCTest.framework; sourceTree = DEVELOPER_DIR; };
		E7541D441987DECA0051FFB9 /* DropPinTests-Info.plist */ = {isa = PBXFileReference; lastKnownFileType = text.plist.xml; path = "DropPinTests-Info.plist"; sourceTree = "<group>"; };
		E7541D461987DECA0051FFB9 /* en */ = {isa = PBXFileReference; lastKnownFileType = text.plist.strings; name = en; path = en.lproj/InfoPlist.strings; sourceTree = "<group>"; };
		E7541D481987DECA0051FFB9 /* DropPinTests.m */ = {isa = PBXFileReference; lastKnownFileType = sourcecode.c.objc; path = DropPinTests.m; sourceTree = "<group>"; };
		E7541D581987E0860051FFB9 /* MOJOAppDelegate.h */ = {isa = PBXFileReference; fileEncoding = 4; lastKnownFileType = sourcecode.c.h; path = MOJOAppDelegate.h; sourceTree = "<group>"; };
		E7541D591987E0860051FFB9 /* MOJOAppDelegate.m */ = {isa = PBXFileReference; fileEncoding = 4; lastKnownFileType = sourcecode.c.objc; path = MOJOAppDelegate.m; sourceTree = "<group>"; };
		E7541D611987E16C0051FFB9 /* MOJOMapViewController.h */ = {isa = PBXFileReference; fileEncoding = 4; lastKnownFileType = sourcecode.c.h; path = MOJOMapViewController.h; sourceTree = "<group>"; };
		E7541D621987E16C0051FFB9 /* MOJOMapViewController.m */ = {isa = PBXFileReference; fileEncoding = 4; lastKnownFileType = sourcecode.c.objc; path = MOJOMapViewController.m; sourceTree = "<group>"; };
		E7541D631987E16C0051FFB9 /* MOJOMapViewController.xib */ = {isa = PBXFileReference; fileEncoding = 4; lastKnownFileType = file.xib; path = MOJOMapViewController.xib; sourceTree = "<group>"; };
		E7541D681987E2C60051FFB9 /* MapKit.framework */ = {isa = PBXFileReference; lastKnownFileType = wrapper.framework; name = MapKit.framework; path = System/Library/Frameworks/MapKit.framework; sourceTree = SDKROOT; };
		E7541D6A198809560051FFB9 /* Keys.plist */ = {isa = PBXFileReference; fileEncoding = 4; lastKnownFileType = text.plist.xml; path = Keys.plist; sourceTree = "<group>"; };
/* End PBXFileReference section */

/* Begin PBXFrameworksBuildPhase section */
		E7541D1D1987DECA0051FFB9 /* Frameworks */ = {
			isa = PBXFrameworksBuildPhase;
			buildActionMask = 2147483647;
			files = (
				E7541D691987E2C60051FFB9 /* MapKit.framework in Frameworks */,
				E7541D261987DECA0051FFB9 /* CoreGraphics.framework in Frameworks */,
				E7541D281987DECA0051FFB9 /* UIKit.framework in Frameworks */,
				E7541D241987DECA0051FFB9 /* Foundation.framework in Frameworks */,
				CAE6593054D1471FB8AE9683 /* libPods.a in Frameworks */,
			);
			runOnlyForDeploymentPostprocessing = 0;
		};
		E7541D381987DECA0051FFB9 /* Frameworks */ = {
			isa = PBXFrameworksBuildPhase;
			buildActionMask = 2147483647;
			files = (
				E7541D3D1987DECA0051FFB9 /* XCTest.framework in Frameworks */,
				E7541D3F1987DECA0051FFB9 /* UIKit.framework in Frameworks */,
				E7541D3E1987DECA0051FFB9 /* Foundation.framework in Frameworks */,
			);
			runOnlyForDeploymentPostprocessing = 0;
		};
/* End PBXFrameworksBuildPhase section */

/* Begin PBXGroup section */
		E7541D171987DECA0051FFB9 = {
			isa = PBXGroup;
			children = (
				E7541D561987E0860051FFB9 /* Classes */,
				E7541D291987DECA0051FFB9 /* DropPin */,
				E7541D421987DECA0051FFB9 /* DropPinTests */,
				E7541D221987DECA0051FFB9 /* Frameworks */,
				E7541D211987DECA0051FFB9 /* Products */,
				DCB0D7EF9F8345F182B86C31 /* Pods.xcconfig */,
			);
			sourceTree = "<group>";
		};
		E7541D211987DECA0051FFB9 /* Products */ = {
			isa = PBXGroup;
			children = (
				E7541D201987DECA0051FFB9 /* DropPin.app */,
				E7541D3B1987DECA0051FFB9 /* DropPinTests.xctest */,
			);
			name = Products;
			sourceTree = "<group>";
		};
		E7541D221987DECA0051FFB9 /* Frameworks */ = {
			isa = PBXGroup;
			children = (
				E7541D681987E2C60051FFB9 /* MapKit.framework */,
				E7541D231987DECA0051FFB9 /* Foundation.framework */,
				E7541D251987DECA0051FFB9 /* CoreGraphics.framework */,
				E7541D271987DECA0051FFB9 /* UIKit.framework */,
				E7541D3C1987DECA0051FFB9 /* XCTest.framework */,
				0CF3B96A80DA43BC8618C574 /* libPods.a */,
			);
			name = Frameworks;
			sourceTree = "<group>";
		};
		E7541D291987DECA0051FFB9 /* DropPin */ = {
			isa = PBXGroup;
			children = (
				E7541D351987DECA0051FFB9 /* Images.xcassets */,
				E7541D2A1987DECA0051FFB9 /* Supporting Files */,
			);
			path = DropPin;
			sourceTree = "<group>";
		};
		E7541D2A1987DECA0051FFB9 /* Supporting Files */ = {
			isa = PBXGroup;
			children = (
				E7541D2B1987DECA0051FFB9 /* DropPin-Info.plist */,
				E7541D2C1987DECA0051FFB9 /* InfoPlist.strings */,
				E7541D2F1987DECA0051FFB9 /* main.m */,
				E7541D311987DECA0051FFB9 /* DropPin-Prefix.pch */,
				E7541D6A198809560051FFB9 /* Keys.plist */,
			);
			name = "Supporting Files";
			sourceTree = "<group>";
		};
		E7541D421987DECA0051FFB9 /* DropPinTests */ = {
			isa = PBXGroup;
			children = (
				E7541D481987DECA0051FFB9 /* DropPinTests.m */,
				E7541D431987DECA0051FFB9 /* Supporting Files */,
			);
			path = DropPinTests;
			sourceTree = "<group>";
		};
		E7541D431987DECA0051FFB9 /* Supporting Files */ = {
			isa = PBXGroup;
			children = (
				E7541D441987DECA0051FFB9 /* DropPinTests-Info.plist */,
				E7541D451987DECA0051FFB9 /* InfoPlist.strings */,
			);
			name = "Supporting Files";
			sourceTree = "<group>";
		};
		E7541D561987E0860051FFB9 /* Classes */ = {
			isa = PBXGroup;
			children = (
				E7541D571987E0860051FFB9 /* Models */,
				E7541D581987E0860051FFB9 /* MOJOAppDelegate.h */,
				E7541D591987E0860051FFB9 /* MOJOAppDelegate.m */,
				E7541D5A1987E0860051FFB9 /* UI */,
			);
			name = Classes;
			path = DropPin/Classes;
			sourceTree = "<group>";
		};
		E7541D571987E0860051FFB9 /* Models */ = {
			isa = PBXGroup;
			children = (
			);
			path = Models;
			sourceTree = "<group>";
		};
		E7541D5A1987E0860051FFB9 /* UI */ = {
			isa = PBXGroup;
			children = (
				E7541D5B1987E0860051FFB9 /* Controllers */,
				E7541D5C1987E0860051FFB9 /* Views */,
			);
			path = UI;
			sourceTree = "<group>";
		};
		E7541D5B1987E0860051FFB9 /* Controllers */ = {
			isa = PBXGroup;
			children = (
				E7541D611987E16C0051FFB9 /* MOJOMapViewController.h */,
				E7541D621987E16C0051FFB9 /* MOJOMapViewController.m */,
				E7541D631987E16C0051FFB9 /* MOJOMapViewController.xib */,
			);
			path = Controllers;
			sourceTree = "<group>";
		};
		E7541D5C1987E0860051FFB9 /* Views */ = {
			isa = PBXGroup;
			children = (
			);
			path = Views;
			sourceTree = "<group>";
		};
/* End PBXGroup section */

/* Begin PBXNativeTarget section */
		E7541D1F1987DECA0051FFB9 /* DropPin */ = {
			isa = PBXNativeTarget;
			buildConfigurationList = E7541D4C1987DECA0051FFB9 /* Build configuration list for PBXNativeTarget "DropPin" */;
			buildPhases = (
				6B1AB009CAD748C1B6491BEE /* Check Pods Manifest.lock */,
				E7541D1C1987DECA0051FFB9 /* Sources */,
				E7541D1D1987DECA0051FFB9 /* Frameworks */,
				E7541D1E1987DECA0051FFB9 /* Resources */,
				EF68C01AB63E419685B06D0C /* Copy Pods Resources */,
			);
			buildRules = (
			);
			dependencies = (
			);
			name = DropPin;
			productName = DropPin;
			productReference = E7541D201987DECA0051FFB9 /* DropPin.app */;
			productType = "com.apple.product-type.application";
		};
		E7541D3A1987DECA0051FFB9 /* DropPinTests */ = {
			isa = PBXNativeTarget;
			buildConfigurationList = E7541D4F1987DECA0051FFB9 /* Build configuration list for PBXNativeTarget "DropPinTests" */;
			buildPhases = (
				E7541D371987DECA0051FFB9 /* Sources */,
				E7541D381987DECA0051FFB9 /* Frameworks */,
				E7541D391987DECA0051FFB9 /* Resources */,
			);
			buildRules = (
			);
			dependencies = (
				E7541D411987DECA0051FFB9 /* PBXTargetDependency */,
			);
			name = DropPinTests;
			productName = DropPinTests;
			productReference = E7541D3B1987DECA0051FFB9 /* DropPinTests.xctest */;
			productType = "com.apple.product-type.bundle.unit-test";
		};
/* End PBXNativeTarget section */

/* Begin PBXProject section */
		E7541D181987DECA0051FFB9 /* Project object */ = {
			isa = PBXProject;
			attributes = {
				CLASSPREFIX = MOJO;
				LastUpgradeCheck = 0510;
				ORGANIZATIONNAME = MojoTech;
				TargetAttributes = {
					E7541D1F1987DECA0051FFB9 = {
						SystemCapabilities = {
							com.apple.iOS = {
								enabled = 0;
							};
						};
					};
					E7541D3A1987DECA0051FFB9 = {
						TestTargetID = E7541D1F1987DECA0051FFB9;
					};
				};
			};
			buildConfigurationList = E7541D1B1987DECA0051FFB9 /* Build configuration list for PBXProject "DropPin" */;
			compatibilityVersion = "Xcode 3.2";
			developmentRegion = English;
			hasScannedForEncodings = 0;
			knownRegions = (
				en,
			);
			mainGroup = E7541D171987DECA0051FFB9;
			productRefGroup = E7541D211987DECA0051FFB9 /* Products */;
			projectDirPath = "";
			projectRoot = "";
			targets = (
				E7541D1F1987DECA0051FFB9 /* DropPin */,
				E7541D3A1987DECA0051FFB9 /* DropPinTests */,
			);
		};
/* End PBXProject section */

/* Begin PBXResourcesBuildPhase section */
		E7541D1E1987DECA0051FFB9 /* Resources */ = {
			isa = PBXResourcesBuildPhase;
			buildActionMask = 2147483647;
			files = (
				E7541D6B198809560051FFB9 /* Keys.plist in Resources */,
				E7541D2E1987DECA0051FFB9 /* InfoPlist.strings in Resources */,
				E7541D651987E16C0051FFB9 /* MOJOMapViewController.xib in Resources */,
				E7541D361987DECA0051FFB9 /* Images.xcassets in Resources */,
			);
			runOnlyForDeploymentPostprocessing = 0;
		};
		E7541D391987DECA0051FFB9 /* Resources */ = {
			isa = PBXResourcesBuildPhase;
			buildActionMask = 2147483647;
			files = (
				E7541D471987DECA0051FFB9 /* InfoPlist.strings in Resources */,
			);
			runOnlyForDeploymentPostprocessing = 0;
		};
/* End PBXResourcesBuildPhase section */

/* Begin PBXShellScriptBuildPhase section */
		6B1AB009CAD748C1B6491BEE /* Check Pods Manifest.lock */ = {
			isa = PBXShellScriptBuildPhase;
			buildActionMask = 2147483647;
			files = (
			);
			inputPaths = (
			);
			name = "Check Pods Manifest.lock";
			outputPaths = (
			);
			runOnlyForDeploymentPostprocessing = 0;
			shellPath = /bin/sh;
			shellScript = "diff \"${PODS_ROOT}/../Podfile.lock\" \"${PODS_ROOT}/Manifest.lock\" > /dev/null\nif [[ $? != 0 ]] ; then\n    cat << EOM\nerror: The sandbox is not in sync with the Podfile.lock. Run 'pod install' or update your CocoaPods installation.\nEOM\n    exit 1\nfi\n";
			showEnvVarsInLog = 0;
		};
		EF68C01AB63E419685B06D0C /* Copy Pods Resources */ = {
			isa = PBXShellScriptBuildPhase;
			buildActionMask = 2147483647;
			files = (
			);
			inputPaths = (
			);
			name = "Copy Pods Resources";
			outputPaths = (
			);
			runOnlyForDeploymentPostprocessing = 0;
			shellPath = /bin/sh;
			shellScript = "\"${SRCROOT}/Pods/Pods-resources.sh\"\n";
			showEnvVarsInLog = 0;
		};
/* End PBXShellScriptBuildPhase section */

/* Begin PBXSourcesBuildPhase section */
		E7541D1C1987DECA0051FFB9 /* Sources */ = {
			isa = PBXSourcesBuildPhase;
			buildActionMask = 2147483647;
			files = (
				E7541D301987DECA0051FFB9 /* main.m in Sources */,
				E7541D641987E16C0051FFB9 /* MOJOMapViewController.m in Sources */,
				E7541D5D1987E0860051FFB9 /* MOJOAppDelegate.m in Sources */,
			);
			runOnlyForDeploymentPostprocessing = 0;
		};
		E7541D371987DECA0051FFB9 /* Sources */ = {
			isa = PBXSourcesBuildPhase;
			buildActionMask = 2147483647;
			files = (
				E7541D491987DECA0051FFB9 /* DropPinTests.m in Sources */,
			);
			runOnlyForDeploymentPostprocessing = 0;
		};
/* End PBXSourcesBuildPhase section */

/* Begin PBXTargetDependency section */
		E7541D411987DECA0051FFB9 /* PBXTargetDependency */ = {
			isa = PBXTargetDependency;
			target = E7541D1F1987DECA0051FFB9 /* DropPin */;
			targetProxy = E7541D401987DECA0051FFB9 /* PBXContainerItemProxy */;
		};
/* End PBXTargetDependency section */

/* Begin PBXVariantGroup section */
		E7541D2C1987DECA0051FFB9 /* InfoPlist.strings */ = {
			isa = PBXVariantGroup;
			children = (
				E7541D2D1987DECA0051FFB9 /* en */,
			);
			name = InfoPlist.strings;
			sourceTree = "<group>";
		};
		E7541D451987DECA0051FFB9 /* InfoPlist.strings */ = {
			isa = PBXVariantGroup;
			children = (
				E7541D461987DECA0051FFB9 /* en */,
			);
			name = InfoPlist.strings;
			sourceTree = "<group>";
		};
/* End PBXVariantGroup section */

/* Begin XCBuildConfiguration section */
		E7541D4A1987DECA0051FFB9 /* Debug */ = {
			isa = XCBuildConfiguration;
			buildSettings = {
				ALWAYS_SEARCH_USER_PATHS = NO;
				CLANG_CXX_LANGUAGE_STANDARD = "gnu++0x";
				CLANG_CXX_LIBRARY = "libc++";
				CLANG_ENABLE_MODULES = YES;
				CLANG_ENABLE_OBJC_ARC = YES;
				CLANG_WARN_BOOL_CONVERSION = YES;
				CLANG_WARN_CONSTANT_CONVERSION = YES;
				CLANG_WARN_DIRECT_OBJC_ISA_USAGE = YES_ERROR;
				CLANG_WARN_EMPTY_BODY = YES;
				CLANG_WARN_ENUM_CONVERSION = YES;
				CLANG_WARN_INT_CONVERSION = YES;
				CLANG_WARN_OBJC_ROOT_CLASS = YES_ERROR;
				CLANG_WARN__DUPLICATE_METHOD_MATCH = YES;
				"CODE_SIGN_IDENTITY[sdk=iphoneos*]" = "iPhone Developer";
				COPY_PHASE_STRIP = NO;
				GCC_C_LANGUAGE_STANDARD = gnu99;
				GCC_DYNAMIC_NO_PIC = NO;
				GCC_OPTIMIZATION_LEVEL = 0;
				GCC_PREPROCESSOR_DEFINITIONS = (
					"DEBUG=1",
					"$(inherited)",
				);
				GCC_SYMBOLS_PRIVATE_EXTERN = NO;
				GCC_WARN_64_TO_32_BIT_CONVERSION = YES;
				GCC_WARN_ABOUT_RETURN_TYPE = YES_ERROR;
				GCC_WARN_UNDECLARED_SELECTOR = YES;
				GCC_WARN_UNINITIALIZED_AUTOS = YES_AGGRESSIVE;
				GCC_WARN_UNUSED_FUNCTION = YES;
				GCC_WARN_UNUSED_VARIABLE = YES;
				IPHONEOS_DEPLOYMENT_TARGET = 7.1;
				ONLY_ACTIVE_ARCH = YES;
				SDKROOT = iphoneos;
			};
			name = Debug;
		};
		E7541D4B1987DECA0051FFB9 /* Release */ = {
			isa = XCBuildConfiguration;
			buildSettings = {
				ALWAYS_SEARCH_USER_PATHS = NO;
				CLANG_CXX_LANGUAGE_STANDARD = "gnu++0x";
				CLANG_CXX_LIBRARY = "libc++";
				CLANG_ENABLE_MODULES = YES;
				CLANG_ENABLE_OBJC_ARC = YES;
				CLANG_WARN_BOOL_CONVERSION = YES;
				CLANG_WARN_CONSTANT_CONVERSION = YES;
				CLANG_WARN_DIRECT_OBJC_ISA_USAGE = YES_ERROR;
				CLANG_WARN_EMPTY_BODY = YES;
				CLANG_WARN_ENUM_CONVERSION = YES;
				CLANG_WARN_INT_CONVERSION = YES;
				CLANG_WARN_OBJC_ROOT_CLASS = YES_ERROR;
				CLANG_WARN__DUPLICATE_METHOD_MATCH = YES;
				"CODE_SIGN_IDENTITY[sdk=iphoneos*]" = "iPhone Developer";
				COPY_PHASE_STRIP = YES;
				ENABLE_NS_ASSERTIONS = NO;
				GCC_C_LANGUAGE_STANDARD = gnu99;
				GCC_WARN_64_TO_32_BIT_CONVERSION = YES;
				GCC_WARN_ABOUT_RETURN_TYPE = YES_ERROR;
				GCC_WARN_UNDECLARED_SELECTOR = YES;
				GCC_WARN_UNINITIALIZED_AUTOS = YES_AGGRESSIVE;
				GCC_WARN_UNUSED_FUNCTION = YES;
				GCC_WARN_UNUSED_VARIABLE = YES;
				IPHONEOS_DEPLOYMENT_TARGET = 7.1;
				SDKROOT = iphoneos;
				VALIDATE_PRODUCT = YES;
			};
			name = Release;
		};
		E7541D4D1987DECA0051FFB9 /* Debug */ = {
			isa = XCBuildConfiguration;
			baseConfigurationReference = DCB0D7EF9F8345F182B86C31 /* Pods.xcconfig */;
			buildSettings = {
				ASSETCATALOG_COMPILER_APPICON_NAME = AppIcon;
				ASSETCATALOG_COMPILER_LAUNCHIMAGE_NAME = LaunchImage;
				GCC_PRECOMPILE_PREFIX_HEADER = YES;
				GCC_PREFIX_HEADER = "DropPin/DropPin-Prefix.pch";
				INFOPLIST_FILE = "DropPin/DropPin-Info.plist";
				IPHONEOS_DEPLOYMENT_TARGET = 7.1;
				PRODUCT_NAME = "$(TARGET_NAME)";
				TARGETED_DEVICE_FAMILY = 1;
				WRAPPER_EXTENSION = app;
			};
			name = Debug;
		};
		E7541D4E1987DECA0051FFB9 /* Release */ = {
			isa = XCBuildConfiguration;
			baseConfigurationReference = DCB0D7EF9F8345F182B86C31 /* Pods.xcconfig */;
			buildSettings = {
				ASSETCATALOG_COMPILER_APPICON_NAME = AppIcon;
				ASSETCATALOG_COMPILER_LAUNCHIMAGE_NAME = LaunchImage;
				GCC_PRECOMPILE_PREFIX_HEADER = YES;
				GCC_PREFIX_HEADER = "DropPin/DropPin-Prefix.pch";
				INFOPLIST_FILE = "DropPin/DropPin-Info.plist";
				IPHONEOS_DEPLOYMENT_TARGET = 7.1;
				PRODUCT_NAME = "$(TARGET_NAME)";
				TARGETED_DEVICE_FAMILY = 1;
				WRAPPER_EXTENSION = app;
			};
			name = Release;
		};
		E7541D501987DECA0051FFB9 /* Debug */ = {
			isa = XCBuildConfiguration;
			buildSettings = {
				BUNDLE_LOADER = "$(BUILT_PRODUCTS_DIR)/DropPin.app/DropPin";
				FRAMEWORK_SEARCH_PATHS = (
					"$(SDKROOT)/Developer/Library/Frameworks",
					"$(inherited)",
					"$(DEVELOPER_FRAMEWORKS_DIR)",
				);
				GCC_PRECOMPILE_PREFIX_HEADER = YES;
				GCC_PREFIX_HEADER = "DropPin/DropPin-Prefix.pch";
				GCC_PREPROCESSOR_DEFINITIONS = (
					"DEBUG=1",
					"$(inherited)",
				);
				INFOPLIST_FILE = "DropPinTests/DropPinTests-Info.plist";
				PRODUCT_NAME = "$(TARGET_NAME)";
				TEST_HOST = "$(BUNDLE_LOADER)";
				WRAPPER_EXTENSION = xctest;
			};
			name = Debug;
		};
		E7541D511987DECA0051FFB9 /* Release */ = {
			isa = XCBuildConfiguration;
			buildSettings = {
				BUNDLE_LOADER = "$(BUILT_PRODUCTS_DIR)/DropPin.app/DropPin";
				FRAMEWORK_SEARCH_PATHS = (
					"$(SDKROOT)/Developer/Library/Frameworks",
					"$(inherited)",
					"$(DEVELOPER_FRAMEWORKS_DIR)",
				);
				GCC_PRECOMPILE_PREFIX_HEADER = YES;
				GCC_PREFIX_HEADER = "DropPin/DropPin-Prefix.pch";
				INFOPLIST_FILE = "DropPinTests/DropPinTests-Info.plist";
				PRODUCT_NAME = "$(TARGET_NAME)";
				TEST_HOST = "$(BUNDLE_LOADER)";
				WRAPPER_EXTENSION = xctest;
			};
			name = Release;
		};
/* End XCBuildConfiguration section */

/* Begin XCConfigurationList section */
		E7541D1B1987DECA0051FFB9 /* Build configuration list for PBXProject "DropPin" */ = {
			isa = XCConfigurationList;
			buildConfigurations = (
				E7541D4A1987DECA0051FFB9 /* Debug */,
				E7541D4B1987DECA0051FFB9 /* Release */,
			);
			defaultConfigurationIsVisible = 0;
			defaultConfigurationName = Release;
		};
		E7541D4C1987DECA0051FFB9 /* Build configuration list for PBXNativeTarget "DropPin" */ = {
			isa = XCConfigurationList;
			buildConfigurations = (
				E7541D4D1987DECA0051FFB9 /* Debug */,
				E7541D4E1987DECA0051FFB9 /* Release */,
			);
			defaultConfigurationIsVisible = 0;
			defaultConfigurationName = Release;
		};
		E7541D4F1987DECA0051FFB9 /* Build configuration list for PBXNativeTarget "DropPinTests" */ = {
			isa = XCConfigurationList;
			buildConfigurations = (
				E7541D501987DECA0051FFB9 /* Debug */,
				E7541D511987DECA0051FFB9 /* Release */,
			);
			defaultConfigurationIsVisible = 0;
			defaultConfigurationName = Release;
		};
/* End XCConfigurationList section */
	};
	rootObject = E7541D181987DECA0051FFB9 /* Project object */;
}
